{
  "version": 4,
  "terraform_version": "1.14.5",
  "serial": 12,
  "lineage": "d3d05b91-b420-ebbb-ae64-6c5b3daeb225",
  "outputs": {
    "result": {
      "value": {},
      "type": [
        "object",
        {}
      ]
    }
  },
  "resources": [
    {
      "mode": "managed",
      "type": "random_id",
      "name": "main",
      "provider": "provider[\"registry.terraform.io/hashicorp/random\"]",
      "instances": [
        {
          "schema_version": 0,
          "attributes": {
            "b64_std": "nnD2FdIo37w=",
            "b64_url": "nnD2FdIo37w",
            "byte_length": 8,
            "dec": "11416895628964847548",
            "hex": "9e70f615d228dfbc",
            "id": "nnD2FdIo37w",
            "keepers": null,
            "prefix": null
          },
          "sensitive_attributes": [],
          "identity_schema_version": 0
        }
      ]
    },
    {
      "module": "module.main",
      "mode": "managed",
      "type": "null_resource",
      "name": "main",
      "provider": "provider[\"registry.terraform.io/hashicorp/null\"]",
      "instances": [
        {
          "schema_version": 0,
          "attributes": {
            "id": "8911591390829051905",
            "triggers": {
              "id": "9e70f615d228dfbc",
              "name": "test1"
            }
          },
          "sensitive_attributes": [],
          "identity_schema_version": 0,
          "dependencies": [
            "random_id.main"
          ]
        }
      ]
    }
  ],
  "check_results": null
}
