{
  "version": 4,
  "terraform_version": "1.14.5",
  "serial": 9,
  "lineage": "dc1b5ea9-b5ea-e0ed-983a-349c4d921512",
  "outputs": {
    "result": {
      "value": {},
      "type": [
        "object",
        {}
      ]
    }
  },
  "resources": [
    {
      "mode": "managed",
      "type": "random_id",
      "name": "main",
      "provider": "provider[\"registry.terraform.io/hashicorp/random\"]",
      "instances": [
        {
          "schema_version": 0,
          "attributes": {
            "b64_std": "45EPokW90AI=",
            "b64_url": "45EPokW90AI",
            "byte_length": 8,
            "dec": "16397904907861872642",
            "hex": "e3910fa245bdd002",
            "id": "45EPokW90AI",
            "keepers": null,
            "prefix": null
          },
          "sensitive_attributes": [],
          "identity_schema_version": 0
        }
      ]
    },
    {
      "module": "module.main",
      "mode": "managed",
      "type": "null_resource",
      "name": "default",
      "provider": "provider[\"registry.terraform.io/hashicorp/null\"]",
      "instances": [
        {
          "schema_version": 0,
          "attributes": {
            "id": "268644504558142252",
            "triggers": {
              "id": "e3910fa245bdd002",
              "name": "test2"
            }
          },
          "sensitive_attributes": [],
          "identity_schema_version": 0,
          "dependencies": [
            "random_id.main"
          ]
        }
      ]
    }
  ],
  "check_results": null
}
