{
  "version": 4,
  "terraform_version": "1.14.5",
  "serial": 3,
  "lineage": "d11b1cbe-65ed-9179-bf0b-9dc2c6852657",
  "outputs": {
    "result": {
      "value": {},
      "type": [
        "object",
        {}
      ]
    }
  },
  "resources": [
    {
      "mode": "managed",
      "type": "random_id",
      "name": "main",
      "provider": "provider[\"registry.terraform.io/hashicorp/random\"]",
      "instances": [
        {
          "schema_version": 0,
          "attributes": {
            "b64_std": "sKxpcehe460=",
            "b64_url": "sKxpcehe460",
            "byte_length": 8,
            "dec": "12730666184620303277",
            "hex": "b0ac6971e85ee3ad",
            "id": "sKxpcehe460",
            "keepers": null,
            "prefix": null
          },
          "sensitive_attributes": [],
          "identity_schema_version": 0
        }
      ]
    },
    {
      "module": "module.main",
      "mode": "managed",
      "type": "null_resource",
      "name": "main",
      "provider": "provider[\"registry.terraform.io/hashicorp/null\"]",
      "instances": [
        {
          "schema_version": 0,
          "attributes": {
            "id": "223777397203271412",
            "triggers": {
              "id": "b0ac6971e85ee3ad",
              "name": "test2"
            }
          },
          "sensitive_attributes": [],
          "identity_schema_version": 0,
          "dependencies": [
            "random_id.main"
          ]
        }
      ]
    }
  ],
  "check_results": null
}
