{
  "version": 4,
  "terraform_version": "1.14.5",
  "serial": 3,
  "lineage": "30a016a2-bd32-b33f-02b9-c1cf123c6b5d",
  "outputs": {
    "result": {
      "value": {},
      "type": [
        "object",
        {}
      ]
    }
  },
  "resources": [
    {
      "mode": "managed",
      "type": "random_id",
      "name": "main",
      "provider": "provider[\"registry.terraform.io/hashicorp/random\"]",
      "instances": [
        {
          "schema_version": 0,
          "attributes": {
            "b64_std": "z8VGA871RoM=",
            "b64_url": "z8VGA871RoM",
            "byte_length": 8,
            "dec": "14971449518434109059",
            "hex": "cfc54603cef54683",
            "id": "z8VGA871RoM",
            "keepers": null,
            "prefix": null
          },
          "sensitive_attributes": [],
          "identity_schema_version": 0
        }
      ]
    },
    {
      "module": "module.main",
      "mode": "managed",
      "type": "null_resource",
      "name": "main",
      "provider": "provider[\"registry.terraform.io/hashicorp/null\"]",
      "instances": [
        {
          "schema_version": 0,
          "attributes": {
            "id": "8522716776581041850",
            "triggers": {
              "id": "cfc54603cef54683",
              "name": "test2"
            }
          },
          "sensitive_attributes": [],
          "identity_schema_version": 0,
          "dependencies": [
            "random_id.main"
          ]
        }
      ]
    }
  ],
  "check_results": null
}
